
Microsoft Visual Studio Solution File, Format Version 12.00
# Visual Studio Version 16
VisualStudioVersion = 16.0.30621.155
MinimumVisualStudioVersion = 10.0.40219.1
Project("{9A19103F-16F7-4668-BE54-9A1E7A4F7556}") = "Run", "Run\Run.csproj", "{51EA8C54-C655-45A6-A89B-FF79DD7E932A}"
EndProject
Project("{9A19103F-16F7-4668-BE54-9A1E7A4F7556}") = "TuringSuite.Core", "TuringSuite.Core\TuringSuite.Core.csproj", "{9D8D37EF-3875-4FF5-B381-0F41F8A8453D}"
EndProject
Project("{FAE04EC0-301F-11D3-BF4B-00C04F79EFBC}") = "TuringSuite.Test", "TuringSuite.Test\TuringSuite.Test.csproj", "{0EFB0CC2-C737-4688-8838-DCB74A95A73F}"
EndProject
Project("{FAE04EC0-301F-11D3-BF4B-00C04F79EFBC}") = "TuringSuite.Web", "TuringSuite.Web\TuringSuite.Web.csproj", "{2A4A11EC-DC7F-46FC-B1AF-AD03B2BB6856}"
EndProject
Global
	GlobalSection(SolutionConfigurationPlatforms) = preSolution
		Debug|Any CPU = Debug|Any CPU
		Release|Any CPU = Release|Any CPU
	EndGlobalSection
	GlobalSection(ProjectConfigurationPlatforms) = postSolution
		{51EA8C54-C655-45A6-A89B-FF79DD7E932A}.Debug|Any CPU.ActiveCfg = Debug|Any CPU
		{51EA8C54-C655-45A6-A89B-FF79DD7E932A}.Debug|Any CPU.Build.0 = Debug|Any CPU
		{51EA8C54-C655-45A6-A89B-FF79DD7E932A}.Release|Any CPU.ActiveCfg = Release|Any CPU
		{51EA8C54-C655-45A6-A89B-FF79DD7E932A}.Release|Any CPU.Build.0 = Release|Any CPU
		{9D8D37EF-3875-4FF5-B381-0F41F8A8453D}.Debug|Any CPU.ActiveCfg = Debug|Any CPU
		{9D8D37EF-3875-4FF5-B381-0F41F8A8453D}.Debug|Any CPU.Build.0 = Debug|Any CPU
		{9D8D37EF-3875-4FF5-B381-0F41F8A8453D}.Release|Any CPU.ActiveCfg = Release|Any CPU
		{9D8D37EF-3875-4FF5-B381-0F41F8A8453D}.Release|Any CPU.Build.0 = Release|Any CPU
		{0EFB0CC2-C737-4688-8838-DCB74A95A73F}.Debug|Any CPU.ActiveCfg = Debug|Any CPU
		{0EFB0CC2-C737-4688-8838-DCB74A95A73F}.Debug|Any CPU.Build.0 = Debug|Any CPU
		{0EFB0CC2-C737-4688-8838-DCB74A95A73F}.Release|Any CPU.ActiveCfg = Release|Any CPU
		{0EFB0CC2-C737-4688-8838-DCB74A95A73F}.Release|Any CPU.Build.0 = Release|Any CPU
		{2A4A11EC-DC7F-46FC-B1AF-AD03B2BB6856}.Debug|Any CPU.ActiveCfg = Debug|Any CPU
		{2A4A11EC-DC7F-46FC-B1AF-AD03B2BB6856}.Debug|Any CPU.Build.0 = Debug|Any CPU
		{2A4A11EC-DC7F-46FC-B1AF-AD03B2BB6856}.Release|Any CPU.ActiveCfg = Release|Any CPU
		{2A4A11EC-DC7F-46FC-B1AF-AD03B2BB6856}.Release|Any CPU.Build.0 = Release|Any CPU
	EndGlobalSection
	GlobalSection(SolutionProperties) = preSolution
		HideSolutionNode = FALSE
	EndGlobalSection
	GlobalSection(ExtensibilityGlobals) = postSolution
		SolutionGuid = {17F242B7-2B5A-4FF7-BF93-F446734A8756}
	EndGlobalSection
EndGlobal
